<?xml version="1.0" encoding="UTF-8"?>
<CONFIG>
  <ProjectOptions>
    <Version Value="9"/>
    <General>
      <MainUnit Value="0"/>
      <Title Value="SimpleWebPlayer"/>
      <UseAppBundle Value="False"/>
      <ResourceType Value="res"/>
      <UseXPManifest Value="True"/>
      <XPManifest>
        <DpiAware Value="True"/>
      </XPManifest>
    </General>
    <i18n>
      <EnableI18N LFM="False"/>
    </i18n>
    <VersionInfo>
      <StringTable ProductVersion=""/>
    </VersionInfo>
    <CustomData Count="15">
      <Item0 Name="lazpackager/copyright" Value="2012 Fred van Stappen"/>
      <Item1 Name="lazpackager/deb/ppa" Value="ppa:fiens/uos"/>
      <Item2 Name="lazpackager/deb/series" Value="precise"/>
      <Item3 Name="lazpackager/deb/tpl_changelog" Value="?PACKAGE_NAME? (?FULLVERSION?) ?SERIES?; urgency=low

  * Original version ?VERSION? packaged with lazdebian

 -- ?MAINTAINER? &lt;?MAINTAINER_EMAIL?>  ?DATER?
"/>
      <Item4 Name="lazpackager/deb/tpl_control" Value="Source: ?PACKAGE_NAME?
Maintainer: ?MAINTAINER? &lt;?MAINTAINER_EMAIL?>
Section: misc
Priority: optional
Standards-Version: 3.9.3
Build-Depends: fpc, lcl, lcl-utils, lazarus, debhelper (>= 8)

Package: ?PACKAGE_NAME?
Architecture: any
Depends: ${shlibs:Depends}, ${misc:Depends},
Description: ?DESCRIPTION?
 ?DESCRIPTION_LONG?
"/>
      <Item5 Name="lazpackager/deb/tpl_copyright" Value="Format: http://www.debian.org/doc/packaging-manuals/copyright-format/1.0/

Files: *
Copyright: ?COPYRIGHT?
License: GPL-2+
 This program is free software; you can redistribute it and/or modify
 it under the terms of the GNU General Public License as published by
 the Free Software Foundation; either version 2 of the License, or
 at your option) any later version.
 .
 This program is distributed in the hope that it will be useful,
 but WITHOUT ANY WARRANTY; without even the implied warranty of
 MERCHANTABILITY or FITNESS FOR A PARTICULAR PURPOSE. See the
 GNU General Public License for more details.
 .
 You should have received a copy of the GNU General Public License along
 with this program; if not, write to the Free Software Foundation, Inc.,
 51 Franklin Street, Fifth Floor, Boston, MA 02110-1301 USA.
 .
 On Debian systems, the full text of the GNU General Public
 License version 2 can be found in the file
 /usr/share/common-licenses/GPL-2
"/>
      <Item6 Name="lazpackager/deb/tpl_rules" Value="#!/usr/bin/make -f

# see http://www.debian.org/doc/manuals/maint-guide/dreq.en.html

override_dh_auto_build:
	dh_auto_build -- PREFIX=/usr

override_dh_auto_install:
	dh_auto_install -- PREFIX=/usr

%:
	dh $@
"/>
      <Item7 Name="lazpackager/description" Value="United Openlib of Sound"/>
      <Item8 Name="lazpackager/description_long" Value="United Openlib of Sound is a Pascal linker for Portaudio, Sndfile and MPG123 audio libraries.
With UOS audio life is easier..."/>
      <Item9 Name="lazpackager/export_cmd" Value="?CP? *.lpi ?TEMPFOLDER?/
?CP? *.lpr ?TEMPFOLDER?/
?CP? *.pas ?TEMPFOLDER?/
?CP? *.lfm ?TEMPFOLDER?/
?CP? *.ico ?TEMPFOLDER?/
"/>
      <Item10 Name="lazpackager/maintainer" Value="Fred van Stappen"/>
      <Item11 Name="lazpackager/maintainer_email" Value="fiens@hotmail.com"/>
      <Item12 Name="lazpackager/package_name" Value="united_openlib_sound"/>
      <Item13 Name="lazpackager/tpl_makefile" Value="PREFIX = /usr/local

# debuild will set DESTDIR to the fakeroot path and
# in the override rules we will change PREFIX to /usr
BINDIR = $(DESTDIR)$(PREFIX)/bin

.PHONY : all
all:
	lazbuild ?PROJECT?

.PHONY : clean
clean:
	$(RM) -r lib
	$(RM) *.res
	$(RM) ?EXECUTABLE?

.PHONY : install
install:
	mkdir -p $(BINDIR)
	install -s ?EXECUTABLE? $(BINDIR)/
"/>
      <Item14 Name="lazpackager/use_existing_makefile" Value="False"/>
    </CustomData>
    <BuildModes Count="1" Active="Default">
      <Item1 Name="Default" Default="True"/>
    </BuildModes>
    <PublishOptions>
      <Version Value="2"/>
      <IncludeFileFilter Value="*.(pas|pp|inc|lfm|lpr|lrs|lpi|lpk|sh|xml)"/>
      <ExcludeFileFilter Value="*.(bak|ppu|o|so);*~;backup"/>
    </PublishOptions>
    <RunParams>
      <local>
        <FormatVersion Value="1"/>
      </local>
    </RunParams>
    <RequiredPackages Count="1">
      <Item1>
        <PackageName Value="LCL"/>
      </Item1>
    </RequiredPackages>
    <Units Count="59">
      <Unit0>
        <Filename Value="simplewebplayer.lpr"/>
        <IsPartOfProject Value="True"/>
        <EditorIndex Value="5"/>
        <WindowIndex Value="1"/>
        <CursorPos Y="4"/>
        <UsageCount Value="200"/>
        <Loaded Value="True"/>
      </Unit0>
      <Unit1>
        <Filename Value="main_sp.pas"/>
        <IsPartOfProject Value="True"/>
        <ComponentName Value="Form1"/>
        <HasResources Value="True"/>
        <ResourceBaseClass Value="Form"/>
        <CursorPos X="4" Y="407"/>
        <UsageCount Value="200"/>
      </Unit1>
      <Unit2>
        <Filename Value="lazdyn_portaudio.pas"/>
        <TopLine Value="371"/>
        <CursorPos X="89" Y="4"/>
        <UsageCount Value="99"/>
      </Unit2>
      <Unit3>
        <Filename Value="Lazdyn_SoundTouch.pas"/>
        <CursorPos X="59" Y="12"/>
        <UsageCount Value="6"/>
      </Unit3>
      <Unit4>
        <Filename Value="u_os.pas"/>
        <TopLine Value="445"/>
        <CursorPos X="10" Y="402"/>
        <UsageCount Value="81"/>
      </Unit4>
      <Unit5>
        <Filename Value="../firstprognew/mainmixxl.pas"/>
        <TopLine Value="4347"/>
        <CursorPos X="9" Y="4364"/>
        <UsageCount Value="10"/>
      </Unit5>
      <Unit6>
        <Filename Value="../dynmpg123/waveutils.pas"/>
        <TopLine Value="3"/>
        <CursorPos X="45" Y="43"/>
        <UsageCount Value="6"/>
      </Unit6>
      <Unit7>
        <Filename Value="kPGtest.pas"/>
        <TopLine Value="111"/>
        <CursorPos X="32" Y="128"/>
        <UsageCount Value="8"/>
      </Unit7>
      <Unit8>
        <Filename Value="kPGtestSF.pas"/>
        <TopLine Value="27"/>
        <CursorPos X="29" Y="32"/>
        <UsageCount Value="8"/>
      </Unit8>
      <Unit9>
        <Filename Value="lazdyn_mpg123.pas"/>
        <TopLine Value="244"/>
        <CursorPos X="102" Y="250"/>
        <UsageCount Value="99"/>
      </Unit9>
      <Unit10>
        <Filename Value="../OpenC2Pas/src/main.pas"/>
        <TopLine Value="193"/>
        <CursorPos Y="232"/>
        <UsageCount Value="5"/>
      </Unit10>
      <Unit11>
        <Filename Value="lazdyn_libsndfile.pas"/>
        <CursorPos Y="12"/>
        <UsageCount Value="99"/>
      </Unit11>
      <Unit12>
        <Filename Value="../U_OS_Test (copie)/u_os.pas"/>
        <TopLine Value="72"/>
        <CursorPos X="34" Y="236"/>
        <UsageCount Value="1"/>
      </Unit12>
      <Unit13>
        <Filename Value="PA_SF_MP.pas"/>
        <TopLine Value="77"/>
        <CursorPos X="20" Y="10"/>
        <UsageCount Value="3"/>
      </Unit13>
      <Unit14>
        <Filename Value="/usr/lib/codetyphon/fpcsrc/rtl/objpas/sysutils/sysstrh.inc"/>
        <TopLine Value="100"/>
        <CursorPos X="10" Y="112"/>
        <UsageCount Value="6"/>
      </Unit14>
      <Unit15>
        <Filename Value="../lazarus64/examples/multithreading/mainunit.pas"/>
        <TopLine Value="70"/>
        <UsageCount Value="6"/>
      </Unit15>
      <Unit16>
        <Filename Value="../lazarus64/examples/pascalstream/componentstreampas.pas"/>
        <TopLine Value="33"/>
        <UsageCount Value="9"/>
      </Unit16>
      <Unit17>
        <Filename Value="../firstprognewssbpm/mainmixxl.pas"/>
        <ComponentName Value="MiXimumLP"/>
        <HasResources Value="True"/>
        <ResourceBaseClass Value="Form"/>
        <TopLine Value="2775"/>
        <CursorPos X="20" Y="2792"/>
        <UsageCount Value="8"/>
      </Unit17>
      <Unit18>
        <Filename Value="/media/Windows7/dynsndfile/libsndfilestrings.pas"/>
        <UsageCount Value="6"/>
      </Unit18>
      <Unit19>
        <Filename Value="/media/Windows7/dynsndfile/lazdyn_libsndfile.pas"/>
        <UsageCount Value="6"/>
      </Unit19>
      <Unit20>
        <Filename Value="../logouos/unit1.pas"/>
        <TopLine Value="67"/>
        <CursorPos X="51" Y="83"/>
        <UsageCount Value="6"/>
      </Unit20>
      <Unit21>
        <Filename Value="/usr/lib/codetyphon/lazarus/lcl/graphics.pp"/>
        <TopLine Value="1168"/>
        <CursorPos X="49" Y="1181"/>
        <UsageCount Value="8"/>
      </Unit21>
      <Unit22>
        <Filename Value="/usr/lib/codetyphon/fpcsrc/rtl/objpas/objpas.pp"/>
        <TopLine Value="119"/>
        <CursorPos X="8" Y="28"/>
        <UsageCount Value="6"/>
      </Unit22>
      <Unit23>
        <Filename Value="uos.pas"/>
        <WindowIndex Value="1"/>
        <CursorPos Y="846"/>
        <UsageCount Value="100"/>
        <Loaded Value="True"/>
      </Unit23>
      <Unit24>
        <Filename Value="uos_new.pas"/>
        <TopLine Value="310"/>
        <CursorPos X="29" Y="478"/>
        <UsageCount Value="80"/>
      </Unit24>
      <Unit25>
        <Filename Value="../firstprognew/bass.pas"/>
        <TopLine Value="810"/>
        <UsageCount Value="5"/>
      </Unit25>
      <Unit26>
        <Filename Value="../onenamevar/unit1.pas"/>
        <ComponentName Value="Form1"/>
        <HasResources Value="True"/>
        <ResourceBaseClass Value="Form"/>
        <TopLine Value="81"/>
        <CursorPos X="44" Y="100"/>
        <UsageCount Value="8"/>
      </Unit26>
      <Unit27>
        <Filename Value="/usr/lib/codetyphon/lazarus/packager/registration/fcllaz.pas"/>
        <CursorPos Y="4"/>
        <UsageCount Value="2"/>
      </Unit27>
      <Unit28>
        <Filename Value="../lazarus32/packager/registration/fcllaz.pas"/>
        <UsageCount Value="2"/>
      </Unit28>
      <Unit29>
        <Filename Value="../U_OS_Testnewonetype/uos.pas"/>
        <TopLine Value="444"/>
        <CursorPos X="79" Y="452"/>
        <UsageCount Value="7"/>
      </Unit29>
      <Unit30>
        <Filename Value="/media/Windows7/UOS/uos.pas"/>
        <TopLine Value="747"/>
        <CursorPos X="5" Y="750"/>
        <UsageCount Value="3"/>
      </Unit30>
      <Unit31>
        <Filename Value="/usr/lib/codetyphon/lazarus/components/codetools/codebeautifier.pas"/>
        <TopLine Value="405"/>
        <UsageCount Value="5"/>
      </Unit31>
      <Unit32>
        <Filename Value="../dynportaudio/mainunitsine.pas"/>
        <ComponentName Value="Form1"/>
        <HasResources Value="True"/>
        <ResourceBaseClass Value="Form"/>
        <TopLine Value="463"/>
        <CursorPos Y="483"/>
        <UsageCount Value="17"/>
      </Unit32>
      <Unit33>
        <Filename Value="../dynportaudio/unit1.pas"/>
        <TopLine Value="81"/>
        <CursorPos X="16" Y="91"/>
        <UsageCount Value="10"/>
      </Unit33>
      <Unit34>
        <Filename Value="/media/Windows7/hollytray/unit1.pas"/>
        <TopLine Value="48"/>
        <UsageCount Value="9"/>
      </Unit34>
      <Unit35>
        <Filename Value="../DynSynthDemo/umain.pas"/>
        <TopLine Value="260"/>
        <CursorPos X="100" Y="281"/>
        <UsageCount Value="9"/>
      </Unit35>
      <Unit36>
        <Filename Value="uos_portaudio.pas"/>
        <TopLine Value="158"/>
        <CursorPos X="5" Y="167"/>
        <UsageCount Value="17"/>
      </Unit36>
      <Unit37>
        <Filename Value="simplewebplayer_fpGUI.lpr"/>
        <TopLine Value="263"/>
        <CursorPos X="29" Y="270"/>
        <UsageCount Value="11"/>
      </Unit37>
      <Unit38>
        <Filename Value="/media/fred/Windows7/uos/examples/main_sp.pas"/>
        <TopLine Value="108"/>
        <CursorPos X="37" Y="119"/>
        <UsageCount Value="10"/>
      </Unit38>
      <Unit39>
        <Filename Value="uos_soundtouch.pas"/>
        <CursorPos X="10" Y="7"/>
        <UsageCount Value="13"/>
      </Unit39>
      <Unit40>
        <Filename Value="uos_soundtouchok.pas"/>
        <TopLine Value="92"/>
        <CursorPos X="40" Y="101"/>
        <UsageCount Value="10"/>
      </Unit40>
      <Unit41>
        <Filename Value="../../uos-master/examples/uos.pas"/>
        <CursorPos X="66" Y="517"/>
        <UsageCount Value="12"/>
      </Unit41>
      <Unit42>
        <Filename Value="../../uos2/src/uos.pas"/>
        <TopLine Value="1906"/>
        <CursorPos X="38" Y="1917"/>
        <UsageCount Value="10"/>
      </Unit42>
      <Unit43>
        <Filename Value="/usr/share/lazarus/1.2RC2/ide/compiler.pp"/>
        <TopLine Value="30"/>
        <CursorPos X="6" Y="33"/>
        <UsageCount Value="10"/>
      </Unit43>
      <Unit44>
        <Filename Value="../../libuos/src/libuos.pas"/>
        <TopLine Value="3"/>
        <CursorPos X="32" Y="24"/>
        <UsageCount Value="16"/>
      </Unit44>
      <Unit45>
        <Filename Value="simplewebplayer_fpGUI.pas"/>
        <EditorIndex Value="-1"/>
        <WindowIndex Value="1"/>
        <CursorPos X="28" Y="201"/>
        <UsageCount Value="11"/>
      </Unit45>
      <Unit46>
        <Filename Value="../../codetyphon/fpcsrc/rtl/objpas/sysutils/filutilh.inc"/>
        <CursorPos X="10" Y="143"/>
        <UsageCount Value="11"/>
      </Unit46>
      <Unit47>
        <Filename Value="../../lazarus/fpc/2.6.2/source/rtl/win/sysutils.pp"/>
        <UsageCount Value="11"/>
      </Unit47>
      <Unit48>
        <Filename Value="../../lazarus/components/lazutils/fileutil.pas"/>
        <TopLine Value="24"/>
        <CursorPos X="65" Y="29"/>
        <UsageCount Value="11"/>
      </Unit48>
      <Unit49>
        <Filename Value="../../codetyphon/typhon/components/lazutils/fileutil.pas"/>
        <TopLine Value="201"/>
        <CursorPos X="19" Y="217"/>
        <UsageCount Value="10"/>
      </Unit49>
      <Unit50>
        <Filename Value="uos_flat.pas"/>
        <EditorIndex Value="2"/>
        <WindowIndex Value="1"/>
        <TopLine Value="129"/>
        <CursorPos X="10" Y="149"/>
        <UsageCount Value="12"/>
        <Loaded Value="True"/>
      </Unit50>
      <Unit51>
        <Filename Value="uos_libsndfile.pas"/>
        <TopLine Value="281"/>
        <CursorPos X="3" Y="289"/>
        <UsageCount Value="12"/>
      </Unit51>
      <Unit52>
        <Filename Value="/usr/lib/codetyphon/fpcsrc/rtl/linux/ptypes.inc"/>
        <TopLine Value="90"/>
        <CursorPos X="5" Y="94"/>
        <UsageCount Value="10"/>
      </Unit52>
      <Unit53>
        <Filename Value="main_wsp.pas"/>
        <ComponentName Value="Form1"/>
        <HasResources Value="True"/>
        <ResourceBaseClass Value="Form"/>
        <IsVisibleTab Value="True"/>
        <EditorIndex Value="1"/>
        <WindowIndex Value="1"/>
        <TopLine Value="454"/>
        <CursorPos X="16" Y="467"/>
        <UsageCount Value="10"/>
        <Loaded Value="True"/>
        <LoadedDesigner Value="True"/>
      </Unit53>
      <Unit54>
        <Filename Value="uos_httpgetthread.pas"/>
        <EditorIndex Value="4"/>
        <WindowIndex Value="1"/>
        <TopLine Value="15"/>
        <CursorPos X="55" Y="15"/>
        <UsageCount Value="10"/>
        <Loaded Value="True"/>
      </Unit54>
      <Unit55>
        <Filename Value="../../uoslib/src/uoslib.pas"/>
        <EditorIndex Value="-1"/>
        <WindowIndex Value="1"/>
        <TopLine Value="871"/>
        <CursorPos X="18" Y="895"/>
        <UsageCount Value="10"/>
      </Unit55>
      <Unit56>
        <Filename Value="../../uoslib/src/uoslib_h.pas"/>
        <EditorIndex Value="-1"/>
        <WindowIndex Value="1"/>
        <TopLine Value="240"/>
        <CursorPos X="50" Y="247"/>
        <UsageCount Value="10"/>
      </Unit56>
      <Unit57>
        <Filename Value="/usr/share/lazarus/1.2.6/components/lazutils/paswstring.pas"/>
        <EditorIndex Value="-1"/>
        <WindowIndex Value="1"/>
        <TopLine Value="371"/>
        <CursorPos X="43" Y="379"/>
        <UsageCount Value="10"/>
      </Unit57>
      <Unit58>
        <Filename Value="conswebstream.pas"/>
        <EditorIndex Value="3"/>
        <WindowIndex Value="1"/>
        <CursorPos X="51" Y="75"/>
        <UsageCount Value="10"/>
        <Loaded Value="True"/>
      </Unit58>
    </Units>
    <JumpHistory Count="30" HistoryIndex="29">
      <Position1>
        <Filename Value="uos_httpgetthread.pas"/>
        <Caret Line="107" Column="61" TopLine="74"/>
      </Position1>
      <Position2>
        <Filename Value="uos_httpgetthread.pas"/>
        <Caret Line="33" Column="33" TopLine="21"/>
      </Position2>
      <Position3>
        <Filename Value="uos_httpgetthread.pas"/>
        <Caret Line="92" Column="27" TopLine="70"/>
      </Position3>
      <Position4>
        <Filename Value="uos_httpgetthread.pas"/>
        <Caret Line="27" Column="4" TopLine="7"/>
      </Position4>
      <Position5>
        <Filename Value="uos.pas"/>
        <Caret Line="584" Column="60" TopLine="572"/>
      </Position5>
      <Position6>
        <Filename Value="main_wsp.pas"/>
        <Caret Line="276" Column="49" TopLine="259"/>
      </Position6>
      <Position7>
        <Filename Value="main_wsp.pas"/>
        <Caret Line="221" Column="2" TopLine="206"/>
      </Position7>
      <Position8>
        <Filename Value="main_wsp.pas"/>
        <Caret Line="209" Column="4" TopLine="199"/>
      </Position8>
      <Position9>
        <Filename Value="main_wsp.pas"/>
        <Caret Line="208" Column="58" TopLine="201"/>
      </Position9>
      <Position10>
        <Filename Value="main_wsp.pas"/>
        <Caret Line="201" Column="48" TopLine="191"/>
      </Position10>
      <Position11>
        <Filename Value="main_wsp.pas"/>
        <Caret Line="204" Column="3" TopLine="191"/>
      </Position11>
      <Position12>
        <Filename Value="main_wsp.pas"/>
        <Caret Line="351" Column="31" TopLine="341"/>
      </Position12>
      <Position13>
        <Filename Value="main_wsp.pas"/>
        <Caret Line="309" Column="5" TopLine="291"/>
      </Position13>
      <Position14>
        <Filename Value="uos_flat.pas"/>
        <Caret Line="152" Column="10" TopLine="138"/>
      </Position14>
      <Position15>
        <Filename Value="uos_flat.pas"/>
        <Caret Line="149" Column="24" TopLine="134"/>
      </Position15>
      <Position16>
        <Filename Value="uos_flat.pas"/>
        <Caret Line="175" Column="51" TopLine="146"/>
      </Position16>
      <Position17>
        <Filename Value="uos_flat.pas"/>
        <Caret Line="864" Column="49" TopLine="845"/>
      </Position17>
      <Position18>
        <Filename Value="uos.pas"/>
        <Caret Line="2331" Column="18" TopLine="2326"/>
      </Position18>
      <Position19>
        <Filename Value="main_wsp.pas"/>
        <Caret Line="309" Column="5" TopLine="291"/>
      </Position19>
      <Position20>
        <Filename Value="simplewebplayer.lpr"/>
        <Caret Line="18" Column="99"/>
      </Position20>
      <Position21>
        <Filename Value="simplewebplayer.lpr"/>
        <Caret Line="27" TopLine="14"/>
      </Position21>
      <Position22>
        <Filename Value="simplewebplayer.lpr"/>
        <Caret Line="13" Column="2" TopLine="8"/>
      </Position22>
      <Position23>
        <Filename Value="main_wsp.pas"/>
        <Caret Line="324" Column="20" TopLine="286"/>
      </Position23>
      <Position24>
        <Filename Value="uos_flat.pas"/>
        <Caret Line="152" Column="10" TopLine="133"/>
      </Position24>
      <Position25>
        <Filename Value="simplewebplayer.lpr"/>
        <Caret Line="4"/>
      </Position25>
      <Position26>
        <Filename Value="uos.pas"/>
        <Caret Line="838" Column="25" TopLine="827"/>
      </Position26>
      <Position27>
        <Filename Value="uos.pas"/>
        <Caret Line="2783" Column="97" TopLine="2752"/>
      </Position27>
      <Position28>
        <Filename Value="uos.pas"/>
        <Caret Line="838" Column="25" TopLine="819"/>
      </Position28>
      <Position29>
        <Filename Value="uos.pas"/>
        <Caret Line="2746" Column="17" TopLine="2746"/>
      </Position29>
      <Position30>
        <Filename Value="uos_httpgetthread.pas"/>
        <Caret Line="15" Column="55" TopLine="15"/>
      </Position30>
    </JumpHistory>
  </ProjectOptions>
  <CompilerOptions>
    <Version Value="11"/>
    <Target>
      <Filename Value="SimpleWebPlayer"/>
    </Target>
    <SearchPaths>
      <IncludeFiles Value="$(ProjOutDir)"/>
      <UnitOutputDirectory Value="units/$(TargetCPU)-$(TargetOS)"/>
    </SearchPaths>
    <CodeGeneration>
      <SmartLinkUnit Value="True"/>
      <SmallerCode Value="True"/>
    </CodeGeneration>
    <Linking>
      <Debugging>
        <StripSymbols Value="True"/>
        <UseExternalDbgSyms Value="True"/>
      </Debugging>
      <LinkSmart Value="True"/>
      <Options>
        <Win32>
          <GraphicApplication Value="True"/>
        </Win32>
      </Options>
    </Linking>
    <Other>
      <WriteFPCLogo Value="False"/>
    </Other>
  </CompilerOptions>
  <Debugging>
    <BreakPoints Count="1">
      <Item1>
        <Kind Value="bpkSource"/>
        <WatchScope Value="wpsLocal"/>
        <WatchKind Value="wpkWrite"/>
        <Source Value="u_os.pas"/>
        <Line Value="42"/>
      </Item1>
    </BreakPoints>
    <Exceptions Count="3">
      <Item1>
        <Name Value="EAbort"/>
      </Item1>
      <Item2>
        <Name Value="ECodetoolError"/>
      </Item2>
      <Item3>
        <Name Value="EFOpenError"/>
      </Item3>
    </Exceptions>
  </Debugging>
</CONFIG>
